// !$*UTF8*$!
{
	archiveVersion = 1;
	classes = {
	};
	objectVersion = 51;
	objects = {

/* Begin PBXBuildFile section */
		2E89571CD4E403E1350E999E /* Pods_Parstagram_ParstagramUITests.framework in Frameworks */ = {isa = PBXBuildFile; fileRef = E3C17BDBB412043C1B2C1F66 /* Pods_Parstagram_ParstagramUITests.framework */; };
		441C0EB6255B2A69000E016A /* AppDelegate.swift in Sources */ = {isa = PBXBuildFile; fileRef = 441C0EB5255B2A69000E016A /* AppDelegate.swift */; };
		441C0EB8255B2A69000E016A /* SceneDelegate.swift in Sources */ = {isa = PBXBuildFile; fileRef = 441C0EB7255B2A69000E016A /* SceneDelegate.swift */; };
		441C0EBD255B2A69000E016A /* Main.storyboard in Resources */ = {isa = PBXBuildFile; fileRef = 441C0EBB255B2A69000E016A /* Main.storyboard */; };
		441C0EBF255B2A6A000E016A /* Assets.xcassets in Resources */ = {isa = PBXBuildFile; fileRef = 441C0EBE255B2A6A000E016A /* Assets.xcassets */; };
		441C0EC2255B2A6A000E016A /* LaunchScreen.storyboard in Resources */ = {isa = PBXBuildFile; fileRef = 441C0EC0255B2A6A000E016A /* LaunchScreen.storyboard */; };
		441C0ECD255B2A6A000E016A /* ParstagramTests.swift in Sources */ = {isa = PBXBuildFile; fileRef = 441C0ECC255B2A6A000E016A /* ParstagramTests.swift */; };
		441C0ED8255B2A6A000E016A /* ParstagramUITests.swift in Sources */ = {isa = PBXBuildFile; fileRef = 441C0ED7255B2A6A000E016A /* ParstagramUITests.swift */; };
		4498F35725625AEE00D5978D /* PostCell.swift in Sources */ = {isa = PBXBuildFile; fileRef = 4498F35625625AEE00D5978D /* PostCell.swift */; };
		44B13332255B2FB70034F7C5 /* LoginViewController.swift in Sources */ = {isa = PBXBuildFile; fileRef = 44B13331255B2FB70034F7C5 /* LoginViewController.swift */; };
		44B13337255B2FC40034F7C5 /* FeedViewController.swift in Sources */ = {isa = PBXBuildFile; fileRef = 44B13336255B2FC40034F7C5 /* FeedViewController.swift */; };
		44B13344255B479D0034F7C5 /* CameraViewController.swift in Sources */ = {isa = PBXBuildFile; fileRef = 44B13343255B479D0034F7C5 /* CameraViewController.swift */; };
		A43EABDD602084889690FB91 /* Pods_Parstagram.framework in Frameworks */ = {isa = PBXBuildFile; fileRef = DD4E77CA76EF407D53A4B211 /* Pods_Parstagram.framework */; };
		EFE513F33E860C89ED2408BE /* Pods_ParstagramTests.framework in Frameworks */ = {isa = PBXBuildFile; fileRef = AA38080BE64CDD3BC60681B9 /* Pods_ParstagramTests.framework */; };
/* End PBXBuildFile section */

/* Begin PBXContainerItemProxy section */
		441C0EC9255B2A6A000E016A /* PBXContainerItemProxy */ = {
			isa = PBXContainerItemProxy;
			containerPortal = 441C0EAA255B2A69000E016A /* Project object */;
			proxyType = 1;
			remoteGlobalIDString = 441C0EB1255B2A69000E016A;
			remoteInfo = Parstagram;
		};
		441C0ED4255B2A6A000E016A /* PBXContainerItemProxy */ = {
			isa = PBXContainerItemProxy;
			containerPortal = 441C0EAA255B2A69000E016A /* Project object */;
			proxyType = 1;
			remoteGlobalIDString = 441C0EB1255B2A69000E016A;
			remoteInfo = Parstagram;
		};
/* End PBXContainerItemProxy section */

/* Begin PBXFileReference section */
		441C0EB2255B2A69000E016A /* Parstagram.app */ = {isa = PBXFileReference; explicitFileType = wrapper.application; includeInIndex = 0; path = Parstagram.app; sourceTree = BUILT_PRODUCTS_DIR; };
		441C0EB5255B2A69000E016A /* AppDelegate.swift */ = {isa = PBXFileReference; lastKnownFileType = sourcecode.swift; path = AppDelegate.swift; sourceTree = "<group>"; };
		441C0EB7255B2A69000E016A /* SceneDelegate.swift */ = {isa = PBXFileReference; lastKnownFileType = sourcecode.swift; path = SceneDelegate.swift; sourceTree = "<group>"; };
		441C0EBC255B2A69000E016A /* Base */ = {isa = PBXFileReference; lastKnownFileType = file.storyboard; name = Base; path = Base.lproj/Main.storyboard; sourceTree = "<group>"; };
		441C0EBE255B2A6A000E016A /* Assets.xcassets */ = {isa = PBXFileReference; lastKnownFileType = folder.assetcatalog; path = Assets.xcassets; sourceTree = "<group>"; };
		441C0EC1255B2A6A000E016A /* Base */ = {isa = PBXFileReference; lastKnownFileType = file.storyboard; name = Base; path = Base.lproj/LaunchScreen.storyboard; sourceTree = "<group>"; };
		441C0EC3255B2A6A000E016A /* Info.plist */ = {isa = PBXFileReference; lastKnownFileType = text.plist.xml; path = Info.plist; sourceTree = "<group>"; };
		441C0EC8255B2A6A000E016A /* ParstagramTests.xctest */ = {isa = PBXFileReference; explicitFileType = wrapper.cfbundle; includeInIndex = 0; path = ParstagramTests.xctest; sourceTree = BUILT_PRODUCTS_DIR; };
		441C0ECC255B2A6A000E016A /* ParstagramTests.swift */ = {isa = PBXFileReference; lastKnownFileType = sourcecode.swift; path = ParstagramTests.swift; sourceTree = "<group>"; };
		441C0ECE255B2A6A000E016A /* Info.plist */ = {isa = PBXFileReference; lastKnownFileType = text.plist.xml; path = Info.plist; sourceTree = "<group>"; };
		441C0ED3255B2A6A000E016A /* ParstagramUITests.xctest */ = {isa = PBXFileReference; explicitFileType = wrapper.cfbundle; includeInIndex = 0; path = ParstagramUITests.xctest; sourceTree = BUILT_PRODUCTS_DIR; };
		441C0ED7255B2A6A000E016A /* ParstagramUITests.swift */ = {isa = PBXFileReference; lastKnownFileType = sourcecode.swift; path = ParstagramUITests.swift; sourceTree = "<group>"; };
		441C0ED9255B2A6A000E016A /* Info.plist */ = {isa = PBXFileReference; lastKnownFileType = text.plist.xml; path = Info.plist; sourceTree = "<group>"; };
		4498F35625625AEE00D5978D /* PostCell.swift */ = {isa = PBXFileReference; lastKnownFileType = sourcecode.swift; path = PostCell.swift; sourceTree = "<group>"; };
		44B13331255B2FB70034F7C5 /* LoginViewController.swift */ = {isa = PBXFileReference; lastKnownFileType = sourcecode.swift; path = LoginViewController.swift; sourceTree = "<group>"; };
		44B13336255B2FC40034F7C5 /* FeedViewController.swift */ = {isa = PBXFileReference; lastKnownFileType = sourcecode.swift; path = FeedViewController.swift; sourceTree = "<group>"; };
		44B13343255B479D0034F7C5 /* CameraViewController.swift */ = {isa = PBXFileReference; lastKnownFileType = sourcecode.swift; path = CameraViewController.swift; sourceTree = "<group>"; };
		57AC8CDF5589954D31AE2EDD /* Pods-Parstagram-ParstagramUITests.debug.xcconfig */ = {isa = PBXFileReference; includeInIndex = 1; lastKnownFileType = text.xcconfig; name = "Pods-Parstagram-ParstagramUITests.debug.xcconfig"; path = "Target Support Files/Pods-Parstagram-ParstagramUITests/Pods-Parstagram-ParstagramUITests.debug.xcconfig"; sourceTree = "<group>"; };
		95584AD90D7CC5BE321A63DF /* Pods-Parstagram.release.xcconfig */ = {isa = PBXFileReference; includeInIndex = 1; lastKnownFileType = text.xcconfig; name = "Pods-Parstagram.release.xcconfig"; path = "Target Support Files/Pods-Parstagram/Pods-Parstagram.release.xcconfig"; sourceTree = "<group>"; };
		9E796EAA524000618E7D3690 /* Pods-ParstagramTests.release.xcconfig */ = {isa = PBXFileReference; includeInIndex = 1; lastKnownFileType = text.xcconfig; name = "Pods-ParstagramTests.release.xcconfig"; path = "Target Support Files/Pods-ParstagramTests/Pods-ParstagramTests.release.xcconfig"; sourceTree = "<group>"; };
		AA38080BE64CDD3BC60681B9 /* Pods_ParstagramTests.framework */ = {isa = PBXFileReference; explicitFileType = wrapper.framework; includeInIndex = 0; path = Pods_ParstagramTests.framework; sourceTree = BUILT_PRODUCTS_DIR; };
		BDDB415D4EB42BE775DF4268 /* Pods-Parstagram.debug.xcconfig */ = {isa = PBXFileReference; includeInIndex = 1; lastKnownFileType = text.xcconfig; name = "Pods-Parstagram.debug.xcconfig"; path = "Target Support Files/Pods-Parstagram/Pods-Parstagram.debug.xcconfig"; sourceTree = "<group>"; };
		D1C8090779D9A23E590C3579 /* Pods-ParstagramTests.debug.xcconfig */ = {isa = PBXFileReference; includeInIndex = 1; lastKnownFileType = text.xcconfig; name = "Pods-ParstagramTests.debug.xcconfig"; path = "Target Support Files/Pods-ParstagramTests/Pods-ParstagramTests.debug.xcconfig"; sourceTree = "<group>"; };
		DD4E77CA76EF407D53A4B211 /* Pods_Parstagram.framework */ = {isa = PBXFileReference; explicitFileType = wrapper.framework; includeInIndex = 0; path = Pods_Parstagram.framework; sourceTree = BUILT_PRODUCTS_DIR; };
		E3C17BDBB412043C1B2C1F66 /* Pods_Parstagram_ParstagramUITests.framework */ = {isa = PBXFileReference; explicitFileType = wrapper.framework; includeInIndex = 0; path = Pods_Parstagram_ParstagramUITests.framework; sourceTree = BUILT_PRODUCTS_DIR; };
		EDABD72155663C2F67796E1C /* Pods-Parstagram-ParstagramUITests.release.xcconfig */ = {isa = PBXFileReference; includeInIndex = 1; lastKnownFileType = text.xcconfig; name = "Pods-Parstagram-ParstagramUITests.release.xcconfig"; path = "Target Support Files/Pods-Parstagram-ParstagramUITests/Pods-Parstagram-ParstagramUITests.release.xcconfig"; sourceTree = "<group>"; };
/* End PBXFileReference section */

/* Begin PBXFrameworksBuildPhase section */
		441C0EAF255B2A69000E016A /* Frameworks */ = {
			isa = PBXFrameworksBuildPhase;
			buildActionMask = 2147483647;
			files = (
				A43EABDD602084889690FB91 /* Pods_Parstagram.framework in Frameworks */,
			);
			runOnlyForDeploymentPostprocessing = 0;
		};
		441C0EC5255B2A6A000E016A /* Frameworks */ = {
			isa = PBXFrameworksBuildPhase;
			buildActionMask = 2147483647;
			files = (
				EFE513F33E860C89ED2408BE /* Pods_ParstagramTests.framework in Frameworks */,
			);
			runOnlyForDeploymentPostprocessing = 0;
		};
		441C0ED0255B2A6A000E016A /* Frameworks */ = {
			isa = PBXFrameworksBuildPhase;
			buildActionMask = 2147483647;
			files = (
				2E89571CD4E403E1350E999E /* Pods_Parstagram_ParstagramUITests.framework in Frameworks */,
			);
			runOnlyForDeploymentPostprocessing = 0;
		};
/* End PBXFrameworksBuildPhase section */

/* Begin PBXGroup section */
		441C0EA9255B2A69000E016A = {
			isa = PBXGroup;
			children = (
				441C0EB4255B2A69000E016A /* Parstagram */,
				441C0ECB255B2A6A000E016A /* ParstagramTests */,
				441C0ED6255B2A6A000E016A /* ParstagramUITests */,
				441C0EB3255B2A69000E016A /* Products */,
				ABDCC048F32240AC3366D662 /* Pods */,
				6B786F4F008675A79935310A /* Frameworks */,
			);
			sourceTree = "<group>";
		};
		441C0EB3255B2A69000E016A /* Products */ = {
			isa = PBXGroup;
			children = (
				441C0EB2255B2A69000E016A /* Parstagram.app */,
				441C0EC8255B2A6A000E016A /* ParstagramTests.xctest */,
				441C0ED3255B2A6A000E016A /* ParstagramUITests.xctest */,
			);
			name = Products;
			sourceTree = "<group>";
		};
		441C0EB4255B2A69000E016A /* Parstagram */ = {
			isa = PBXGroup;
			children = (
				441C0EB5255B2A69000E016A /* AppDelegate.swift */,
				441C0EB7255B2A69000E016A /* SceneDelegate.swift */,
				441C0EBB255B2A69000E016A /* Main.storyboard */,
				44B13331255B2FB70034F7C5 /* LoginViewController.swift */,
				44B13336255B2FC40034F7C5 /* FeedViewController.swift */,
				44B13343255B479D0034F7C5 /* CameraViewController.swift */,
				4498F35625625AEE00D5978D /* PostCell.swift */,
				441C0EBE255B2A6A000E016A /* Assets.xcassets */,
				441C0EC0255B2A6A000E016A /* LaunchScreen.storyboard */,
				441C0EC3255B2A6A000E016A /* Info.plist */,
			);
			path = Parstagram;
			sourceTree = "<group>";
		};
		441C0ECB255B2A6A000E016A /* ParstagramTests */ = {
			isa = PBXGroup;
			children = (
				441C0ECC255B2A6A000E016A /* ParstagramTests.swift */,
				441C0ECE255B2A6A000E016A /* Info.plist */,
			);
			path = ParstagramTests;
			sourceTree = "<group>";
		};
		441C0ED6255B2A6A000E016A /* ParstagramUITests */ = {
			isa = PBXGroup;
			children = (
				441C0ED7255B2A6A000E016A /* ParstagramUITests.swift */,
				441C0ED9255B2A6A000E016A /* Info.plist */,
			);
			path = ParstagramUITests;
			sourceTree = "<group>";
		};
		6B786F4F008675A79935310A /* Frameworks */ = {
			isa = PBXGroup;
			children = (
				DD4E77CA76EF407D53A4B211 /* Pods_Parstagram.framework */,
				E3C17BDBB412043C1B2C1F66 /* Pods_Parstagram_ParstagramUITests.framework */,
				AA38080BE64CDD3BC60681B9 /* Pods_ParstagramTests.framework */,
			);
			name = Frameworks;
			sourceTree = "<group>";
		};
		ABDCC048F32240AC3366D662 /* Pods */ = {
			isa = PBXGroup;
			children = (
				BDDB415D4EB42BE775DF4268 /* Pods-Parstagram.debug.xcconfig */,
				95584AD90D7CC5BE321A63DF /* Pods-Parstagram.release.xcconfig */,
				57AC8CDF5589954D31AE2EDD /* Pods-Parstagram-ParstagramUITests.debug.xcconfig */,
				EDABD72155663C2F67796E1C /* Pods-Parstagram-ParstagramUITests.release.xcconfig */,
				D1C8090779D9A23E590C3579 /* Pods-ParstagramTests.debug.xcconfig */,
				9E796EAA524000618E7D3690 /* Pods-ParstagramTests.release.xcconfig */,
			);
			path = Pods;
			sourceTree = "<group>";
		};
/* End PBXGroup section */

/* Begin PBXNativeTarget section */
		441C0EB1255B2A69000E016A /* Parstagram */ = {
			isa = PBXNativeTarget;
			buildConfigurationList = 441C0EDC255B2A6A000E016A /* Build configuration list for PBXNativeTarget "Parstagram" */;
			buildPhases = (
				2DEA502E5DC42052FC8F6DB7 /* [CP] Check Pods Manifest.lock */,
				441C0EAE255B2A69000E016A /* Sources */,
				441C0EAF255B2A69000E016A /* Frameworks */,
				441C0EB0255B2A69000E016A /* Resources */,
				434847816A27A2517558B414 /* [CP] Embed Pods Frameworks */,
			);
			buildRules = (
			);
			dependencies = (
			);
			name = Parstagram;
			productName = Parstagram;
			productReference = 441C0EB2255B2A69000E016A /* Parstagram.app */;
			productType = "com.apple.product-type.application";
		};
		441C0EC7255B2A6A000E016A /* ParstagramTests */ = {
			isa = PBXNativeTarget;
			buildConfigurationList = 441C0EDF255B2A6A000E016A /* Build configuration list for PBXNativeTarget "ParstagramTests" */;
			buildPhases = (
				F45F558CF7116B772DE2A2DA /* [CP] Check Pods Manifest.lock */,
				441C0EC4255B2A6A000E016A /* Sources */,
				441C0EC5255B2A6A000E016A /* Frameworks */,
				441C0EC6255B2A6A000E016A /* Resources */,
			);
			buildRules = (
			);
			dependencies = (
				441C0ECA255B2A6A000E016A /* PBXTargetDependency */,
			);
			name = ParstagramTests;
			productName = ParstagramTests;
			productReference = 441C0EC8255B2A6A000E016A /* ParstagramTests.xctest */;
			productType = "com.apple.product-type.bundle.unit-test";
		};
		441C0ED2255B2A6A000E016A /* ParstagramUITests */ = {
			isa = PBXNativeTarget;
			buildConfigurationList = 441C0EE2255B2A6A000E016A /* Build configuration list for PBXNativeTarget "ParstagramUITests" */;
			buildPhases = (
				7ADE6B3A68628099703D20D7 /* [CP] Check Pods Manifest.lock */,
				441C0ECF255B2A6A000E016A /* Sources */,
				441C0ED0255B2A6A000E016A /* Frameworks */,
				441C0ED1255B2A6A000E016A /* Resources */,
				BB4F65514CB3BFABB0379F92 /* [CP] Embed Pods Frameworks */,
			);
			buildRules = (
			);
			dependencies = (
				441C0ED5255B2A6A000E016A /* PBXTargetDependency */,
			);
			name = ParstagramUITests;
			productName = ParstagramUITests;
			productReference = 441C0ED3255B2A6A000E016A /* ParstagramUITests.xctest */;
			productType = "com.apple.product-type.bundle.ui-testing";
		};
/* End PBXNativeTarget section */

/* Begin PBXProject section */
		441C0EAA255B2A69000E016A /* Project object */ = {
			isa = PBXProject;
			attributes = {
				LastSwiftUpdateCheck = 1200;
				LastUpgradeCheck = 1200;
				TargetAttributes = {
					441C0EB1255B2A69000E016A = {
						CreatedOnToolsVersion = 12.0;
					};
					441C0EC7255B2A6A000E016A = {
						CreatedOnToolsVersion = 12.0;
						TestTargetID = 441C0EB1255B2A69000E016A;
					};
					441C0ED2255B2A6A000E016A = {
						CreatedOnToolsVersion = 12.0;
						TestTargetID = 441C0EB1255B2A69000E016A;
					};
				};
			};
			buildConfigurationList = 441C0EAD255B2A69000E016A /* Build configuration list for PBXProject "Parstagram" */;
			compatibilityVersion = "Xcode 9.3";
			developmentRegion = en;
			hasScannedForEncodings = 0;
			knownRegions = (
				en,
				Base,
			);
			mainGroup = 441C0EA9255B2A69000E016A;
			productRefGroup = 441C0EB3255B2A69000E016A /* Products */;
			projectDirPath = "";
			projectRoot = "";
			targets = (
				441C0EB1255B2A69000E016A /* Parstagram */,
				441C0EC7255B2A6A000E016A /* ParstagramTests */,
				441C0ED2255B2A6A000E016A /* ParstagramUITests */,
			);
		};
/* End PBXProject section */

/* Begin PBXResourcesBuildPhase section */
		441C0EB0255B2A69000E016A /* Resources */ = {
			isa = PBXResourcesBuildPhase;
			buildActionMask = 2147483647;
			files = (
				441C0EC2255B2A6A000E016A /* LaunchScreen.storyboard in Resources */,
				441C0EBF255B2A6A000E016A /* Assets.xcassets in Resources */,
				441C0EBD255B2A69000E016A /* Main.storyboard in Resources */,
			);
			runOnlyForDeploymentPostprocessing = 0;
		};
		441C0EC6255B2A6A000E016A /* Resources */ = {
			isa = PBXResourcesBuildPhase;
			buildActionMask = 2147483647;
			files = (
			);
			runOnlyForDeploymentPostprocessing = 0;
		};
		441C0ED1255B2A6A000E016A /* Resources */ = {
			isa = PBXResourcesBuildPhase;
			buildActionMask = 2147483647;
			files = (
			);
			runOnlyForDeploymentPostprocessing = 0;
		};
/* End PBXResourcesBuildPhase section */

/* Begin PBXShellScriptBuildPhase section */
		2DEA502E5DC42052FC8F6DB7 /* [CP] Check Pods Manifest.lock */ = {
			isa = PBXShellScriptBuildPhase;
			buildActionMask = 2147483647;
			files = (
			);
			inputFileListPaths = (
			);
			inputPaths = (
				"${PODS_PODFILE_DIR_PATH}/Podfile.lock",
				"${PODS_ROOT}/Manifest.lock",
			);
			name = "[CP] Check Pods Manifest.lock";
			outputFileListPaths = (
			);
			outputPaths = (
				"$(DERIVED_FILE_DIR)/Pods-Parstagram-checkManifestLockResult.txt",
			);
			runOnlyForDeploymentPostprocessing = 0;
			shellPath = /bin/sh;
			shellScript = "diff \"${PODS_PODFILE_DIR_PATH}/Podfile.lock\" \"${PODS_ROOT}/Manifest.lock\" > /dev/null\nif [ $? != 0 ] ; then\n    # print error to STDERR\n    echo \"error: The sandbox is not in sync with the Podfile.lock. Run 'pod install' or update your CocoaPods installation.\" >&2\n    exit 1\nfi\n# This output is used by Xcode 'outputs' to avoid re-running this script phase.\necho \"SUCCESS\" > \"${SCRIPT_OUTPUT_FILE_0}\"\n";
			showEnvVarsInLog = 0;
		};
		434847816A27A2517558B414 /* [CP] Embed Pods Frameworks */ = {
			isa = PBXShellScriptBuildPhase;
			buildActionMask = 2147483647;
			files = (
			);
			inputFileListPaths = (
				"${PODS_ROOT}/Target Support Files/Pods-Parstagram/Pods-Parstagram-frameworks-${CONFIGURATION}-input-files.xcfilelist",
			);
			name = "[CP] Embed Pods Frameworks";
			outputFileListPaths = (
				"${PODS_ROOT}/Target Support Files/Pods-Parstagram/Pods-Parstagram-frameworks-${CONFIGURATION}-output-files.xcfilelist",
			);
			runOnlyForDeploymentPostprocessing = 0;
			shellPath = /bin/sh;
			shellScript = "\"${PODS_ROOT}/Target Support Files/Pods-Parstagram/Pods-Parstagram-frameworks.sh\"\n";
			showEnvVarsInLog = 0;
		};
		7ADE6B3A68628099703D20D7 /* [CP] Check Pods Manifest.lock */ = {
			isa = PBXShellScriptBuildPhase;
			buildActionMask = 2147483647;
			files = (
			);
			inputFileListPaths = (
			);
			inputPaths = (
				"${PODS_PODFILE_DIR_PATH}/Podfile.lock",
				"${PODS_ROOT}/Manifest.lock",
			);
			name = "[CP] Check Pods Manifest.lock";
			outputFileListPaths = (
			);
			outputPaths = (
				"$(DERIVED_FILE_DIR)/Pods-Parstagram-ParstagramUITests-checkManifestLockResult.txt",
			);
			runOnlyForDeploymentPostprocessing = 0;
			shellPath = /bin/sh;
			shellScript = "diff \"${PODS_PODFILE_DIR_PATH}/Podfile.lock\" \"${PODS_ROOT}/Manifest.lock\" > /dev/null\nif [ $? != 0 ] ; then\n    # print error to STDERR\n    echo \"error: The sandbox is not in sync with the Podfile.lock. Run 'pod install' or update your CocoaPods installation.\" >&2\n    exit 1\nfi\n# This output is used by Xcode 'outputs' to avoid re-running this script phase.\necho \"SUCCESS\" > \"${SCRIPT_OUTPUT_FILE_0}\"\n";
			showEnvVarsInLog = 0;
		};
		BB4F65514CB3BFABB0379F92 /* [CP] Embed Pods Frameworks */ = {
			isa = PBXShellScriptBuildPhase;
			buildActionMask = 2147483647;
			files = (
			);
			inputFileListPaths = (
				"${PODS_ROOT}/Target Support Files/Pods-Parstagram-ParstagramUITests/Pods-Parstagram-ParstagramUITests-frameworks-${CONFIGURATION}-input-files.xcfilelist",
			);
			name = "[CP] Embed Pods Frameworks";
			outputFileListPaths = (
				"${PODS_ROOT}/Target Support Files/Pods-Parstagram-ParstagramUITests/Pods-Parstagram-ParstagramUITests-frameworks-${CONFIGURATION}-output-files.xcfilelist",
			);
			runOnlyForDeploymentPostprocessing = 0;
			shellPath = /bin/sh;
			shellScript = "\"${PODS_ROOT}/Target Support Files/Pods-Parstagram-ParstagramUITests/Pods-Parstagram-ParstagramUITests-frameworks.sh\"\n";
			showEnvVarsInLog = 0;
		};
		F45F558CF7116B772DE2A2DA /* [CP] Check Pods Manifest.lock */ = {
			isa = PBXShellScriptBuildPhase;
			buildActionMask = 2147483647;
			files = (
			);
			inputFileListPaths = (
			);
			inputPaths = (
				"${PODS_PODFILE_DIR_PATH}/Podfile.lock",
				"${PODS_ROOT}/Manifest.lock",
			);
			name = "[CP] Check Pods Manifest.lock";
			outputFileListPaths = (
			);
			outputPaths = (
				"$(DERIVED_FILE_DIR)/Pods-ParstagramTests-checkManifestLockResult.txt",
			);
			runOnlyForDeploymentPostprocessing = 0;
			shellPath = /bin/sh;
			shellScript = "diff \"${PODS_PODFILE_DIR_PATH}/Podfile.lock\" \"${PODS_ROOT}/Manifest.lock\" > /dev/null\nif [ $? != 0 ] ; then\n    # print error to STDERR\n    echo \"error: The sandbox is not in sync with the Podfile.lock. Run 'pod install' or update your CocoaPods installation.\" >&2\n    exit 1\nfi\n# This output is used by Xcode 'outputs' to avoid re-running this script phase.\necho \"SUCCESS\" > \"${SCRIPT_OUTPUT_FILE_0}\"\n";
			showEnvVarsInLog = 0;
		};
/* End PBXShellScriptBuildPhase section */

/* Begin PBXSourcesBuildPhase section */
		441C0EAE255B2A69000E016A /* Sources */ = {
			isa = PBXSourcesBuildPhase;
			buildActionMask = 2147483647;
			files = (
				44B13332255B2FB70034F7C5 /* LoginViewController.swift in Sources */,
				44B13344255B479D0034F7C5 /* CameraViewController.swift in Sources */,
				441C0EB6255B2A69000E016A /* AppDelegate.swift in Sources */,
				44B13337255B2FC40034F7C5 /* FeedViewController.swift in Sources */,
				441C0EB8255B2A69000E016A /* SceneDelegate.swift in Sources */,
				4498F35725625AEE00D5978D /* PostCell.swift in Sources */,
			);
			runOnlyForDeploymentPostprocessing = 0;
		};
		441C0EC4255B2A6A000E016A /* Sources */ = {
			isa = PBXSourcesBuildPhase;
			buildActionMask = 2147483647;
			files = (
				441C0ECD255B2A6A000E016A /* ParstagramTests.swift in Sources */,
			);
			runOnlyForDeploymentPostprocessing = 0;
		};
		441C0ECF255B2A6A000E016A /* Sources */ = {
			isa = PBXSourcesBuildPhase;
			buildActionMask = 2147483647;
			files = (
				441C0ED8255B2A6A000E016A /* ParstagramUITests.swift in Sources */,
			);
			runOnlyForDeploymentPostprocessing = 0;
		};
/* End PBXSourcesBuildPhase section */

/* Begin PBXTargetDependency section */
		441C0ECA255B2A6A000E016A /* PBXTargetDependency */ = {
			isa = PBXTargetDependency;
			target = 441C0EB1255B2A69000E016A /* Parstagram */;
			targetProxy = 441C0EC9255B2A6A000E016A /* PBXContainerItemProxy */;
		};
		441C0ED5255B2A6A000E016A /* PBXTargetDependency */ = {
			isa = PBXTargetDependency;
			target = 441C0EB1255B2A69000E016A /* Parstagram */;
			targetProxy = 441C0ED4255B2A6A000E016A /* PBXContainerItemProxy */;
		};
/* End PBXTargetDependency section */

/* Begin PBXVariantGroup section */
		441C0EBB255B2A69000E016A /* Main.storyboard */ = {
			isa = PBXVariantGroup;
			children = (
				441C0EBC255B2A69000E016A /* Base */,
			);
			name = Main.storyboard;
			sourceTree = "<group>";
		};
		441C0EC0255B2A6A000E016A /* LaunchScreen.storyboard */ = {
			isa = PBXVariantGroup;
			children = (
				441C0EC1255B2A6A000E016A /* Base */,
			);
			name = LaunchScreen.storyboard;
			sourceTree = "<group>";
		};
/* End PBXVariantGroup section */

/* Begin XCBuildConfiguration section */
		441C0EDA255B2A6A000E016A /* Debug */ = {
			isa = XCBuildConfiguration;
			buildSettings = {
				ALWAYS_SEARCH_USER_PATHS = NO;
				CLANG_ANALYZER_NONNULL = YES;
				CLANG_ANALYZER_NUMBER_OBJECT_CONVERSION = YES_AGGRESSIVE;
				CLANG_CXX_LANGUAGE_STANDARD = "gnu++14";
				CLANG_CXX_LIBRARY = "libc++";
				CLANG_ENABLE_MODULES = YES;
				CLANG_ENABLE_OBJC_ARC = YES;
				CLANG_ENABLE_OBJC_WEAK = YES;
				CLANG_WARN_BLOCK_CAPTURE_AUTORELEASING = YES;
				CLANG_WARN_BOOL_CONVERSION = YES;
				CLANG_WARN_COMMA = YES;
				CLANG_WARN_CONSTANT_CONVERSION = YES;
				CLANG_WARN_DEPRECATED_OBJC_IMPLEMENTATIONS = YES;
				CLANG_WARN_DIRECT_OBJC_ISA_USAGE = YES_ERROR;
				CLANG_WARN_DOCUMENTATION_COMMENTS = YES;
				CLANG_WARN_EMPTY_BODY = YES;
				CLANG_WARN_ENUM_CONVERSION = YES;
				CLANG_WARN_INFINITE_RECURSION = YES;
				CLANG_WARN_INT_CONVERSION = YES;
				CLANG_WARN_NON_LITERAL_NULL_CONVERSION = YES;
				CLANG_WARN_OBJC_IMPLICIT_RETAIN_SELF = YES;
				CLANG_WARN_OBJC_LITERAL_CONVERSION = YES;
				CLANG_WARN_OBJC_ROOT_CLASS = YES_ERROR;
				CLANG_WARN_QUOTED_INCLUDE_IN_FRAMEWORK_HEADER = YES;
				CLANG_WARN_RANGE_LOOP_ANALYSIS = YES;
				CLANG_WARN_STRICT_PROTOTYPES = YES;
				CLANG_WARN_SUSPICIOUS_MOVE = YES;
				CLANG_WARN_UNGUARDED_AVAILABILITY = YES_AGGRESSIVE;
				CLANG_WARN_UNREACHABLE_CODE = YES;
				CLANG_WARN__DUPLICATE_METHOD_MATCH = YES;
				COPY_PHASE_STRIP = NO;
				DEBUG_INFORMATION_FORMAT = dwarf;
				ENABLE_STRICT_OBJC_MSGSEND = YES;
				ENABLE_TESTABILITY = YES;
				GCC_C_LANGUAGE_STANDARD = gnu11;
				GCC_DYNAMIC_NO_PIC = NO;
				GCC_NO_COMMON_BLOCKS = YES;
				GCC_OPTIMIZATION_LEVEL = 0;
				GCC_PREPROCESSOR_DEFINITIONS = (
					"DEBUG=1",
					"$(inherited)",
				);
				GCC_WARN_64_TO_32_BIT_CONVERSION = YES;
				GCC_WARN_ABOUT_RETURN_TYPE = YES_ERROR;
				GCC_WARN_UNDECLARED_SELECTOR = YES;
				GCC_WARN_UNINITIALIZED_AUTOS = YES_AGGRESSIVE;
				GCC_WARN_UNUSED_FUNCTION = YES;
				GCC_WARN_UNUSED_VARIABLE = YES;
				IPHONEOS_DEPLOYMENT_TARGET = 14.0;
				MTL_ENABLE_DEBUG_INFO = INCLUDE_SOURCE;
				MTL_FAST_MATH = YES;
				ONLY_ACTIVE_ARCH = YES;
				SDKROOT = iphoneos;
				SWIFT_ACTIVE_COMPILATION_CONDITIONS = DEBUG;
				SWIFT_OPTIMIZATION_LEVEL = "-Onone";
			};
			name = Debug;
		};
		441C0EDB255B2A6A000E016A /* Release */ = {
			isa = XCBuildConfiguration;
			buildSettings = {
				ALWAYS_SEARCH_USER_PATHS = NO;
				CLANG_ANALYZER_NONNULL = YES;
				CLANG_ANALYZER_NUMBER_OBJECT_CONVERSION = YES_AGGRESSIVE;
				CLANG_CXX_LANGUAGE_STANDARD = "gnu++14";
				CLANG_CXX_LIBRARY = "libc++";
				CLANG_ENABLE_MODULES = YES;
				CLANG_ENABLE_OBJC_ARC = YES;
				CLANG_ENABLE_OBJC_WEAK = YES;
				CLANG_WARN_BLOCK_CAPTURE_AUTORELEASING = YES;
				CLANG_WARN_BOOL_CONVERSION = YES;
				CLANG_WARN_COMMA = YES;
				CLANG_WARN_CONSTANT_CONVERSION = YES;
				CLANG_WARN_DEPRECATED_OBJC_IMPLEMENTATIONS = YES;
				CLANG_WARN_DIRECT_OBJC_ISA_USAGE = YES_ERROR;
				CLANG_WARN_DOCUMENTATION_COMMENTS = YES;
				CLANG_WARN_EMPTY_BODY = YES;
				CLANG_WARN_ENUM_CONVERSION = YES;
				CLANG_WARN_INFINITE_RECURSION = YES;
				CLANG_WARN_INT_CONVERSION = YES;
				CLANG_WARN_NON_LITERAL_NULL_CONVERSION = YES;
				CLANG_WARN_OBJC_IMPLICIT_RETAIN_SELF = YES;
				CLANG_WARN_OBJC_LITERAL_CONVERSION = YES;
				CLANG_WARN_OBJC_ROOT_CLASS = YES_ERROR;
				CLANG_WARN_QUOTED_INCLUDE_IN_FRAMEWORK_HEADER = YES;
				CLANG_WARN_RANGE_LOOP_ANALYSIS = YES;
				CLANG_WARN_STRICT_PROTOTYPES = YES;
				CLANG_WARN_SUSPICIOUS_MOVE = YES;
				CLANG_WARN_UNGUARDED_AVAILABILITY = YES_AGGRESSIVE;
				CLANG_WARN_UNREACHABLE_CODE = YES;
				CLANG_WARN__DUPLICATE_METHOD_MATCH = YES;
				COPY_PHASE_STRIP = NO;
				DEBUG_INFORMATION_FORMAT = "dwarf-with-dsym";
				ENABLE_NS_ASSERTIONS = NO;
				ENABLE_STRICT_OBJC_MSGSEND = YES;
				GCC_C_LANGUAGE_STANDARD = gnu11;
				GCC_NO_COMMON_BLOCKS = YES;
				GCC_WARN_64_TO_32_BIT_CONVERSION = YES;
				GCC_WARN_ABOUT_RETURN_TYPE = YES_ERROR;
				GCC_WARN_UNDECLARED_SELECTOR = YES;
				GCC_WARN_UNINITIALIZED_AUTOS = YES_AGGRESSIVE;
				GCC_WARN_UNUSED_FUNCTION = YES;
				GCC_WARN_UNUSED_VARIABLE = YES;
				IPHONEOS_DEPLOYMENT_TARGET = 14.0;
				MTL_ENABLE_DEBUG_INFO = NO;
				MTL_FAST_MATH = YES;
				SDKROOT = iphoneos;
				SWIFT_COMPILATION_MODE = wholemodule;
				SWIFT_OPTIMIZATION_LEVEL = "-O";
				VALIDATE_PRODUCT = YES;
			};
			name = Release;
		};
		441C0EDD255B2A6A000E016A /* Debug */ = {
			isa = XCBuildConfiguration;
			baseConfigurationReference = BDDB415D4EB42BE775DF4268 /* Pods-Parstagram.debug.xcconfig */;
			buildSettings = {
				ASSETCATALOG_COMPILER_APPICON_NAME = AppIcon;
				ASSETCATALOG_COMPILER_GLOBAL_ACCENT_COLOR_NAME = AccentColor;
				CODE_SIGN_STYLE = Automatic;
				DEVELOPMENT_TEAM = UPGP54V96L;
				INFOPLIST_FILE = Parstagram/Info.plist;
				LD_RUNPATH_SEARCH_PATHS = (
					"$(inherited)",
					"@executable_path/Frameworks",
				);
				PRODUCT_BUNDLE_IDENTIFIER = "Tiffany-Lee.Parstagram";
				PRODUCT_NAME = "$(TARGET_NAME)";
				SWIFT_VERSION = 5.0;
				TARGETED_DEVICE_FAMILY = "1,2";
			};
			name = Debug;
		};
		441C0EDE255B2A6A000E016A /* Release */ = {
			isa = XCBuildConfiguration;
			baseConfigurationReference = 95584AD90D7CC5BE321A63DF /* Pods-Parstagram.release.xcconfig */;
			buildSettings = {
				ASSETCATALOG_COMPILER_APPICON_NAME = AppIcon;
				ASSETCATALOG_COMPILER_GLOBAL_ACCENT_COLOR_NAME = AccentColor;
				CODE_SIGN_STYLE = Automatic;
				DEVELOPMENT_TEAM = UPGP54V96L;
				INFOPLIST_FILE = Parstagram/Info.plist;
				LD_RUNPATH_SEARCH_PATHS = (
					"$(inherited)",
					"@executable_path/Frameworks",
				);
				PRODUCT_BUNDLE_IDENTIFIER = "Tiffany-Lee.Parstagram";
				PRODUCT_NAME = "$(TARGET_NAME)";
				SWIFT_VERSION = 5.0;
				TARGETED_DEVICE_FAMILY = "1,2";
			};
			name = Release;
		};
		441C0EE0255B2A6A000E016A /* Debug */ = {
			isa = XCBuildConfiguration;
			baseConfigurationReference = D1C8090779D9A23E590C3579 /* Pods-ParstagramTests.debug.xcconfig */;
			buildSettings = {
				ALWAYS_EMBED_SWIFT_STANDARD_LIBRARIES = YES;
				BUNDLE_LOADER = "$(TEST_HOST)";
				CODE_SIGN_STYLE = Automatic;
				DEVELOPMENT_TEAM = UPGP54V96L;
				INFOPLIST_FILE = ParstagramTests/Info.plist;
				IPHONEOS_DEPLOYMENT_TARGET = 14.0;
				LD_RUNPATH_SEARCH_PATHS = (
					"$(inherited)",
					"@executable_path/Frameworks",
					"@loader_path/Frameworks",
				);
				PRODUCT_BUNDLE_IDENTIFIER = "Tiffany-Lee.ParstagramTests";
				PRODUCT_NAME = "$(TARGET_NAME)";
				SWIFT_VERSION = 5.0;
				TARGETED_DEVICE_FAMILY = "1,2";
				TEST_HOST = "$(BUILT_PRODUCTS_DIR)/Parstagram.app/Parstagram";
			};
			name = Debug;
		};
		441C0EE1255B2A6A000E016A /* Release */ = {
			isa = XCBuildConfiguration;
			baseConfigurationReference = 9E796EAA524000618E7D3690 /* Pods-ParstagramTests.release.xcconfig */;
			buildSettings = {
				ALWAYS_EMBED_SWIFT_STANDARD_LIBRARIES = YES;
				BUNDLE_LOADER = "$(TEST_HOST)";
				CODE_SIGN_STYLE = Automatic;
				DEVELOPMENT_TEAM = UPGP54V96L;
				INFOPLIST_FILE = ParstagramTests/Info.plist;
				IPHONEOS_DEPLOYMENT_TARGET = 14.0;
				LD_RUNPATH_SEARCH_PATHS = (
					"$(inherited)",
					"@executable_path/Frameworks",
					"@loader_path/Frameworks",
				);
				PRODUCT_BUNDLE_IDENTIFIER = "Tiffany-Lee.ParstagramTests";
				PRODUCT_NAME = "$(TARGET_NAME)";
				SWIFT_VERSION = 5.0;
				TARGETED_DEVICE_FAMILY = "1,2";
				TEST_HOST = "$(BUILT_PRODUCTS_DIR)/Parstagram.app/Parstagram";
			};
			name = Release;
		};
		441C0EE3255B2A6A000E016A /* Debug */ = {
			isa = XCBuildConfiguration;
			baseConfigurationReference = 57AC8CDF5589954D31AE2EDD /* Pods-Parstagram-ParstagramUITests.debug.xcconfig */;
			buildSettings = {
				ALWAYS_EMBED_SWIFT_STANDARD_LIBRARIES = YES;
				CODE_SIGN_STYLE = Automatic;
				DEVELOPMENT_TEAM = UPGP54V96L;
				INFOPLIST_FILE = ParstagramUITests/Info.plist;
				LD_RUNPATH_SEARCH_PATHS = (
					"$(inherited)",
					"@executable_path/Frameworks",
					"@loader_path/Frameworks",
				);
				PRODUCT_BUNDLE_IDENTIFIER = "Tiffany-Lee.ParstagramUITests";
				PRODUCT_NAME = "$(TARGET_NAME)";
				SWIFT_VERSION = 5.0;
				TARGETED_DEVICE_FAMILY = "1,2";
				TEST_TARGET_NAME = Parstagram;
			};
			name = Debug;
		};
		441C0EE4255B2A6A000E016A /* Release */ = {
			isa = XCBuildConfiguration;
			baseConfigurationReference = EDABD72155663C2F67796E1C /* Pods-Parstagram-ParstagramUITests.release.xcconfig */;
			buildSettings = {
				ALWAYS_EMBED_SWIFT_STANDARD_LIBRARIES = YES;
				CODE_SIGN_STYLE = Automatic;
				DEVELOPMENT_TEAM = UPGP54V96L;
				INFOPLIST_FILE = ParstagramUITests/Info.plist;
				LD_RUNPATH_SEARCH_PATHS = (
					"$(inherited)",
					"@executable_path/Frameworks",
					"@loader_path/Frameworks",
				);
				PRODUCT_BUNDLE_IDENTIFIER = "Tiffany-Lee.ParstagramUITests";
				PRODUCT_NAME = "$(TARGET_NAME)";
				SWIFT_VERSION = 5.0;
				TARGETED_DEVICE_FAMILY = "1,2";
				TEST_TARGET_NAME = Parstagram;
			};
			name = Release;
		};
/* End XCBuildConfiguration section */

/* Begin XCConfigurationList section */
		441C0EAD255B2A69000E016A /* Build configuration list for PBXProject "Parstagram" */ = {
			isa = XCConfigurationList;
			buildConfigurations = (
				441C0EDA255B2A6A000E016A /* Debug */,
				441C0EDB255B2A6A000E016A /* Release */,
			);
			defaultConfigurationIsVisible = 0;
			defaultConfigurationName = Release;
		};
		441C0EDC255B2A6A000E016A /* Build configuration list for PBXNativeTarget "Parstagram" */ = {
			isa = XCConfigurationList;
			buildConfigurations = (
				441C0EDD255B2A6A000E016A /* Debug */,
				441C0EDE255B2A6A000E016A /* Release */,
			);
			defaultConfigurationIsVisible = 0;
			defaultConfigurationName = Release;
		};
		441C0EDF255B2A6A000E016A /* Build configuration list for PBXNativeTarget "ParstagramTests" */ = {
			isa = XCConfigurationList;
			buildConfigurations = (
				441C0EE0255B2A6A000E016A /* Debug */,
				441C0EE1255B2A6A000E016A /* Release */,
			);
			defaultConfigurationIsVisible = 0;
			defaultConfigurationName = Release;
		};
		441C0EE2255B2A6A000E016A /* Build configuration list for PBXNativeTarget "ParstagramUITests" */ = {
			isa = XCConfigurationList;
			buildConfigurations = (
				441C0EE3255B2A6A000E016A /* Debug */,
				441C0EE4255B2A6A000E016A /* Release */,
			);
			defaultConfigurationIsVisible = 0;
			defaultConfigurationName = Release;
		};
/* End XCConfigurationList section */
	};
	rootObject = 441C0EAA255B2A69000E016A /* Project object */;
}
